# Generated by pub
# See https://dart.dev/tools/pub/glossary#lockfile
packages:
  _fe_analyzer_shared:
    dependency: transitive
    description:
      name: _fe_analyzer_shared
      sha256: "8880b4cfe7b5b17d57c052a5a3a8cc1d4f546261c7cc8fbd717bd53f48db0568"
      url: "https://pub.dev"
    source: hosted
    version: "59.0.0"
  analyzer:
    dependency: transitive
    description:
      name: analyzer
      sha256: a89627f49b0e70e068130a36571409726b04dab12da7e5625941d2c8ec278b96
      url: "https://pub.dev"
    source: hosted
    version: "5.11.1"
  args:
    dependency: transitive
    description:
      name: args
      sha256: "4cab82a83ffef80b262ddedf47a0a8e56ee6fbf7fe21e6e768b02792034dd440"
      url: "https://pub.dev"
    source: hosted
    version: "2.4.0"
  async:
    dependency: transitive
    description:
      name: async
      sha256: bfe67ef28df125b7dddcea62755991f807aa39a2492a23e1550161692950bbe0
      url: "https://pub.dev"
    source: hosted
    version: "2.10.0"
  boolean_selector:
    dependency: transitive
    description:
      name: boolean_selector
      sha256: "6cfb5af12253eaf2b368f07bacc5a80d1301a071c73360d746b7f2e32d762c66"
      url: "https://pub.dev"
    source: hosted
    version: "2.1.1"
  build:
    dependency: transitive
    description:
      name: build
      sha256: "3fbda25365741f8251b39f3917fb3c8e286a96fd068a5a242e11c2012d495777"
      url: "https://pub.dev"
    source: hosted
    version: "2.3.1"
  build_config:
    dependency: transitive
    description:
      name: build_config
      sha256: bf80fcfb46a29945b423bd9aad884590fb1dc69b330a4d4700cac476af1708d1
      url: "https://pub.dev"
    source: hosted
    version: "1.1.1"
  build_daemon:
    dependency: transitive
    description:
      name: build_daemon
      sha256: "757153e5d9cd88253cb13f28c2fb55a537dc31fefd98137549895b5beb7c6169"
      url: "https://pub.dev"
    source: hosted
    version: "3.1.1"
  build_resolvers:
    dependency: transitive
    description:
      name: build_resolvers
      sha256: db49b8609ef8c81cca2b310618c3017c00f03a92af44c04d310b907b2d692d95
      url: "https://pub.dev"
    source: hosted
    version: "2.2.0"
  build_runner:
    dependency: "direct dev"
    description:
      name: build_runner
      sha256: b0a8a7b8a76c493e85f1b84bffa0588859a06197863dba8c9036b15581fd9727
      url: "https://pub.dev"
    source: hosted
    version: "2.3.3"
  build_runner_core:
    dependency: transitive
    description:
      name: build_runner_core
      sha256: "14febe0f5bac5ae474117a36099b4de6f1dbc52df6c5e55534b3da9591bf4292"
      url: "https://pub.dev"
    source: hosted
    version: "7.2.7"
  built_collection:
    dependency: transitive
    description:
      name: built_collection
      sha256: "376e3dd27b51ea877c28d525560790aee2e6fbb5f20e2f85d5081027d94e2100"
      url: "https://pub.dev"
    source: hosted
    version: "5.1.1"
  built_value:
    dependency: transitive
    description:
      name: built_value
      sha256: "2f17434bd5d52a26762043d6b43bb53b3acd029b4d9071a329f46d67ef297e6d"
      url: "https://pub.dev"
    source: hosted
    version: "8.5.0"
  cached_network_image:
    dependency: "direct main"
    description:
      name: cached_network_image
      sha256: fd3d0dc1d451f9a252b32d95d3f0c3c487bc41a75eba2e6097cb0b9c71491b15
      url: "https://pub.dev"
    source: hosted
    version: "3.2.3"
  cached_network_image_platform_interface:
    dependency: transitive
    description:
      name: cached_network_image_platform_interface
      sha256: bb2b8403b4ccdc60ef5f25c70dead1f3d32d24b9d6117cfc087f496b178594a7
      url: "https://pub.dev"
    source: hosted
    version: "2.0.0"
  cached_network_image_web:
    dependency: transitive
    description:
      name: cached_network_image_web
      sha256: b8eb814ebfcb4dea049680f8c1ffb2df399e4d03bf7a352c775e26fa06e02fa0
      url: "https://pub.dev"
    source: hosted
    version: "1.0.2"
  characters:
    dependency: transitive
    description:
      name: characters
      sha256: e6a326c8af69605aec75ed6c187d06b349707a27fbff8222ca9cc2cff167975c
      url: "https://pub.dev"
    source: hosted
    version: "1.2.1"
  checked_yaml:
    dependency: transitive
    description:
      name: checked_yaml
      sha256: feb6bed21949061731a7a75fc5d2aa727cf160b91af9a3e464c5e3a32e28b5ff
      url: "https://pub.dev"
    source: hosted
    version: "2.0.3"
  clock:
    dependency: transitive
    description:
      name: clock
      sha256: cb6d7f03e1de671e34607e909a7213e31d7752be4fb66a86d29fe1eb14bfb5cf
      url: "https://pub.dev"
    source: hosted
    version: "1.1.1"
  code_builder:
    dependency: transitive
    description:
      name: code_builder
      sha256: "0d43dd1288fd145de1ecc9a3948ad4a6d5a82f0a14c4fdd0892260787d975cbe"
      url: "https://pub.dev"
    source: hosted
    version: "4.4.0"
  collection:
    dependency: transitive
    description:
      name: collection
      sha256: cfc915e6923fe5ce6e153b0723c753045de46de1b4d63771530504004a45fae0
      url: "https://pub.dev"
    source: hosted
    version: "1.17.0"
  connectivity_plus:
    dependency: "direct main"
    description:
      name: connectivity_plus
      sha256: "5c7ad2d90aae958c230b27450044a29f5b0a69ea4b1792e17164b3a53de33e47"
      url: "https://pub.dev"
    source: hosted
    version: "3.0.5"
  connectivity_plus_platform_interface:
    dependency: transitive
    description:
      name: connectivity_plus_platform_interface
      sha256: cf1d1c28f4416f8c654d7dc3cd638ec586076255d407cef3ddbdaf178272a71a
      url: "https://pub.dev"
    source: hosted
    version: "1.2.4"
  convert:
    dependency: transitive
    description:
      name: convert
      sha256: "0f08b14755d163f6e2134cb58222dd25ea2a2ee8a195e53983d57c075324d592"
      url: "https://pub.dev"
    source: hosted
    version: "3.1.1"
  cookie_jar:
    dependency: "direct main"
    description:
      name: cookie_jar
      sha256: d1cc6516a190ba667941f722b6365d202caff3dacb38de24268b8d6ff1ec8a1d
      url: "https://pub.dev"
    source: hosted
    version: "3.0.1"
  cross_file:
    dependency: transitive
    description:
      name: cross_file
      sha256: "0b0036e8cccbfbe0555fd83c1d31a6f30b77a96b598b35a5d36dd41f718695e9"
      url: "https://pub.dev"
    source: hosted
    version: "0.3.3+4"
  crypto:
    dependency: transitive
    description:
      name: crypto
      sha256: aa274aa7774f8964e4f4f38cc994db7b6158dd36e9187aaceaddc994b35c6c67
      url: "https://pub.dev"
    source: hosted
    version: "3.0.2"
  cupertino_icons:
    dependency: "direct main"
    description:
      name: cupertino_icons
      sha256: e35129dc44c9118cee2a5603506d823bab99c68393879edb440e0090d07586be
      url: "https://pub.dev"
    source: hosted
    version: "1.0.5"
  dart_style:
    dependency: transitive
    description:
      name: dart_style
      sha256: f4f1f73ab3fd2afcbcca165ee601fe980d966af6a21b5970c6c9376955c528ad
      url: "https://pub.dev"
    source: hosted
    version: "2.3.1"
  dbus:
    dependency: transitive
    description:
      name: dbus
      sha256: "6f07cba3f7b3448d42d015bfd3d53fe12e5b36da2423f23838efc1d5fb31a263"
      url: "https://pub.dev"
    source: hosted
    version: "0.7.8"
  device_info_plus:
    dependency: "direct main"
    description:
      name: device_info_plus
      sha256: f52ab3b76b36ede4d135aab80194df8925b553686f0fa12226b4e2d658e45903
      url: "https://pub.dev"
    source: hosted
    version: "8.2.2"
  device_info_plus_platform_interface:
    dependency: transitive
    description:
      name: device_info_plus_platform_interface
      sha256: d3b01d5868b50ae571cd1dc6e502fc94d956b665756180f7b16ead09e836fd64
      url: "https://pub.dev"
    source: hosted
    version: "7.0.0"
  dio:
    dependency: "direct main"
    description:
      name: dio
      sha256: "0894a098594263fe1caaba3520e3016d8a855caeb010a882273189cca10f11e9"
      url: "https://pub.dev"
    source: hosted
    version: "5.1.1"
  dio_cookie_manager:
    dependency: "direct main"
    description:
      name: dio_cookie_manager
      sha256: b45f11c2fcbccf39c5952ab68910b3a155486c4fa730ceb4ce867c4943169ea1
      url: "https://pub.dev"
    source: hosted
    version: "2.1.4"
  dio_http2_adapter:
    dependency: "direct main"
    description:
      name: dio_http2_adapter
      sha256: b06a02faaff972c4809c4ada7a2f71f6c74ce21f0feee79b357f2a9590c049d4
      url: "https://pub.dev"
    source: hosted
    version: "2.2.0"
  dismissible_page:
    dependency: "direct main"
    description:
      name: dismissible_page
      sha256: "5b2316f770fe83583f770df1f6505cb19102081c5971979806e77f2e507a9958"
      url: "https://pub.dev"
    source: hosted
    version: "1.0.2"
  dynamic_color:
    dependency: "direct main"
    description:
      name: dynamic_color
      sha256: bbebb1b7ebed819e0ec83d4abdc2a8482d934f6a85289ffc1c6acf7589fa2aad
      url: "https://pub.dev"
    source: hosted
    version: "1.6.3"
  extended_image:
    dependency: "direct main"
    description:
      name: extended_image
      sha256: "75e4b0ad0f8f63eed7935ff2506c809a670f5e6dd0f61304525879d53fc41a17"
      url: "https://pub.dev"
    source: hosted
    version: "7.0.2"
  extended_image_library:
    dependency: transitive
    description:
      name: extended_image_library
      sha256: "550743b43ab093aed35ef234500fcc7a304cbac1eca47b0cc991e07e88750758"
      url: "https://pub.dev"
    source: hosted
    version: "3.4.2"
  extended_nested_scroll_view:
    dependency: "direct main"
    description:
      name: extended_nested_scroll_view
      sha256: fc55b8f7e2c78701320d7eccda3b256387290b8498f0363d8ffd6f16760949d7
      url: "https://pub.dev"
    source: hosted
    version: "6.0.0"
  fake_async:
    dependency: transitive
    description:
      name: fake_async
      sha256: "511392330127add0b769b75a987850d136345d9227c6b94c96a04cf4a391bf78"
      url: "https://pub.dev"
    source: hosted
    version: "1.3.1"
  ffi:
    dependency: transitive
    description:
      name: ffi
      sha256: a38574032c5f1dd06c4aee541789906c12ccaab8ba01446e800d9c5b79c4a978
      url: "https://pub.dev"
    source: hosted
    version: "2.0.1"
  file:
    dependency: transitive
    description:
      name: file
      sha256: "1b92bec4fc2a72f59a8e15af5f52cd441e4a7860b49499d69dfa817af20e925d"
      url: "https://pub.dev"
    source: hosted
    version: "6.1.4"
  fixnum:
    dependency: transitive
    description:
      name: fixnum
      sha256: "25517a4deb0c03aa0f32fd12db525856438902d9c16536311e76cdc57b31d7d1"
      url: "https://pub.dev"
    source: hosted
    version: "1.1.0"
  flutter:
    dependency: "direct main"
    description: flutter
    source: sdk
    version: "0.0.0"
  flutter_blurhash:
    dependency: transitive
    description:
      name: flutter_blurhash
      sha256: "05001537bd3fac7644fa6558b09ec8c0a3f2eba78c0765f88912882b1331a5c6"
      url: "https://pub.dev"
    source: hosted
    version: "0.7.0"
  flutter_cache_manager:
    dependency: transitive
    description:
      name: flutter_cache_manager
      sha256: "32cd900555219333326a2d0653aaaf8671264c29befa65bbd9856d204a4c9fb3"
      url: "https://pub.dev"
    source: hosted
    version: "3.3.0"
  flutter_lints:
    dependency: "direct dev"
    description:
      name: flutter_lints
      sha256: aeb0b80a8b3709709c9cc496cdc027c5b3216796bc0af0ce1007eaf24464fd4c
      url: "https://pub.dev"
    source: hosted
    version: "2.0.1"
  flutter_localizations:
    dependency: "direct main"
    description: flutter
    source: sdk
    version: "0.0.0"
  flutter_meedu:
    dependency: transitive
    description:
      name: flutter_meedu
      sha256: "7be568c2df5036cd050358b589f2b3de3318562710f9a64ea364da5fd7eeafe7"
      url: "https://pub.dev"
    source: hosted
    version: "8.3.1"
  flutter_meedu_media_kit:
    dependency: "direct main"
    description:
      path: package
      ref: feature-custom
      resolved-ref: b8a145a796c537e312fd8e5e1ba299020f8032db
      url: "https://github.com/guozhigq/flutter_meedu_media_kit.git"
    source: git
    version: "4.2.12"
  flutter_smart_dialog:
    dependency: "direct main"
    description:
      name: flutter_smart_dialog
      sha256: da7ed8fe78e301e3c2cdaa533d13ed3edcf1853c1ba1a7383b481739569f7b2a
      url: "https://pub.dev"
    source: hosted
    version: "4.9.0+6"
  flutter_spinkit:
    dependency: transitive
    description:
      name: flutter_spinkit
      sha256: b39c753e909d4796906c5696a14daf33639a76e017136c8d82bf3e620ce5bb8e
      url: "https://pub.dev"
    source: hosted
    version: "5.2.0"
  flutter_test:
    dependency: "direct dev"
    description: flutter
    source: sdk
    version: "0.0.0"
  flutter_web_plugins:
    dependency: transitive
    description: flutter
    source: sdk
    version: "0.0.0"
  font_awesome_flutter:
    dependency: "direct main"
    description:
      name: font_awesome_flutter
      sha256: "959ef4add147753f990b4a7c6cccb746d5792dbdc81b1cde99e62e7edb31b206"
      url: "https://pub.dev"
    source: hosted
    version: "10.4.0"
  frontend_server_client:
    dependency: transitive
    description:
      name: frontend_server_client
      sha256: "408e3ca148b31c20282ad6f37ebfa6f4bdc8fede5b74bc2f08d9d92b55db3612"
      url: "https://pub.dev"
    source: hosted
    version: "3.2.0"
  fullscreen_window:
    dependency: transitive
    description:
      name: fullscreen_window
      sha256: fe3014f91bff16a82d142ba9d834980b8a84b4bb03347a92588d389ad92bd1d3
      url: "https://pub.dev"
    source: hosted
    version: "1.0.4"
  get:
    dependency: "direct main"
    description:
      name: get
      sha256: "2ba20a47c8f1f233bed775ba2dd0d3ac97b4cf32fc17731b3dfc672b06b0e92a"
      url: "https://pub.dev"
    source: hosted
    version: "4.6.5"
  glob:
    dependency: transitive
    description:
      name: glob
      sha256: "4515b5b6ddb505ebdd242a5f2cc5d22d3d6a80013789debfbda7777f47ea308c"
      url: "https://pub.dev"
    source: hosted
    version: "2.1.1"
  graphs:
    dependency: transitive
    description:
      name: graphs
      sha256: "772db3d53d23361d4ffcf5a9bb091cf3ee9b22f2be52cd107cd7a2683a89ba0e"
      url: "https://pub.dev"
    source: hosted
    version: "2.3.0"
  hive:
    dependency: "direct main"
    description:
      name: hive
      sha256: "8dcf6db979d7933da8217edcec84e9df1bdb4e4edc7fc77dbd5aa74356d6d941"
      url: "https://pub.dev"
    source: hosted
    version: "2.2.3"
  hive_flutter:
    dependency: "direct main"
    description:
      name: hive_flutter
      sha256: dca1da446b1d808a51689fb5d0c6c9510c0a2ba01e22805d492c73b68e33eecc
      url: "https://pub.dev"
    source: hosted
    version: "1.1.0"
  hive_generator:
    dependency: "direct dev"
    description:
      name: hive_generator
      sha256: "65998cc4d2cd9680a3d9709d893d2f6bb15e6c1f92626c3f1fa650b4b3281521"
      url: "https://pub.dev"
    source: hosted
    version: "2.0.0"
  http:
    dependency: transitive
    description:
      name: http
      sha256: "6aa2946395183537c8b880962d935877325d6a09a2867c3970c05c0fed6ac482"
      url: "https://pub.dev"
    source: hosted
    version: "0.13.5"
  http2:
    dependency: transitive
    description:
      name: http2
      sha256: "58805ebc6513eed3b98ee0a455a8357e61d187bf2e0fdc1e53120770f78de258"
      url: "https://pub.dev"
    source: hosted
    version: "2.0.1"
  http_client_helper:
    dependency: transitive
    description:
      name: http_client_helper
      sha256: "1f32359bd07a064ad256d1f84ae5f973f69bc972e7287223fa198abe1d969c28"
      url: "https://pub.dev"
    source: hosted
    version: "2.0.3"
  http_multi_server:
    dependency: transitive
    description:
      name: http_multi_server
      sha256: "97486f20f9c2f7be8f514851703d0119c3596d14ea63227af6f7a481ef2b2f8b"
      url: "https://pub.dev"
    source: hosted
    version: "3.2.1"
  http_parser:
    dependency: transitive
    description:
      name: http_parser
      sha256: "2aa08ce0341cc9b354a498388e30986515406668dbcc4f7c950c3e715496693b"
      url: "https://pub.dev"
    source: hosted
    version: "4.0.2"
  image_gallery_saver:
    dependency: "direct main"
    description:
      name: image_gallery_saver
      sha256: be812580c7a320d3bf583af89cac6b376f170d48000aca75215a73285a3223a0
      url: "https://pub.dev"
    source: hosted
    version: "1.7.1"
  intl:
    dependency: transitive
    description:
      name: intl
      sha256: "910f85bce16fb5c6f614e117efa303e85a1731bb0081edf3604a2ae6e9a3cc91"
      url: "https://pub.dev"
    source: hosted
    version: "0.17.0"
  io:
    dependency: transitive
    description:
      name: io
      sha256: "2ec25704aba361659e10e3e5f5d672068d332fc8ac516421d483a11e5cbd061e"
      url: "https://pub.dev"
    source: hosted
    version: "1.0.4"
  js:
    dependency: transitive
    description:
      name: js
      sha256: "5528c2f391ededb7775ec1daa69e65a2d61276f7552de2b5f7b8d34ee9fd4ab7"
      url: "https://pub.dev"
    source: hosted
    version: "0.6.5"
  json_annotation:
    dependency: transitive
    description:
      name: json_annotation
      sha256: b10a7b2ff83d83c777edba3c6a0f97045ddadd56c944e1a23a3fdf43a1bf4467
      url: "https://pub.dev"
    source: hosted
    version: "4.8.1"
  lints:
    dependency: transitive
    description:
      name: lints
      sha256: "5e4a9cd06d447758280a8ac2405101e0e2094d2a1dbdd3756aec3fe7775ba593"
      url: "https://pub.dev"
    source: hosted
    version: "2.0.1"
  logging:
    dependency: transitive
    description:
      name: logging
      sha256: "04094f2eb032cbb06c6f6e8d3607edcfcb0455e2bb6cbc010cb01171dcb64e6d"
      url: "https://pub.dev"
    source: hosted
    version: "1.1.1"
  matcher:
    dependency: transitive
    description:
      name: matcher
      sha256: "16db949ceee371e9b99d22f88fa3a73c4e59fd0afed0bd25fc336eb76c198b72"
      url: "https://pub.dev"
    source: hosted
    version: "0.12.13"
  material_color_utilities:
    dependency: transitive
    description:
      name: material_color_utilities
      sha256: d92141dc6fe1dad30722f9aa826c7fbc896d021d792f80678280601aff8cf724
      url: "https://pub.dev"
    source: hosted
    version: "0.2.0"
  media_kit:
    dependency: transitive
    description:
      name: media_kit
      sha256: "080cfb5af8d04f8cc454cb4c5ea34b19de5b8e1a1b3af62a34e766364b5244ad"
      url: "https://pub.dev"
    source: hosted
    version: "0.0.11"
  media_kit_libs_android_video:
    dependency: transitive
    description:
      name: media_kit_libs_android_video
      sha256: daeaeb254aee1089fa77f11cbeb0864a1238cbd0cb2a1c5ab9b2a2e66cc5ff42
      url: "https://pub.dev"
    source: hosted
    version: "1.0.6"
  media_kit_libs_ios_video:
    dependency: transitive
    description:
      name: media_kit_libs_ios_video
      sha256: "28c6ddd5ed43263641293832c8d1fb3f24af81b4eba0b61d6da9bedadbf2e1b1"
      url: "https://pub.dev"
    source: hosted
    version: "1.0.4"
  media_kit_libs_linux:
    dependency: transitive
    description:
      name: media_kit_libs_linux
      sha256: "21acc71cbae3518b3aeef9023a6a3a3decb579a40153764333814987ccd61040"
      url: "https://pub.dev"
    source: hosted
    version: "1.0.2"
  media_kit_libs_macos_video:
    dependency: transitive
    description:
      name: media_kit_libs_macos_video
      sha256: c4d3706af5a67bf194d8208eef5cf29ea79e64931ea9bcd50f665b9a438f8416
      url: "https://pub.dev"
    source: hosted
    version: "1.0.5"
  media_kit_libs_windows_video:
    dependency: transitive
    description:
      name: media_kit_libs_windows_video
      sha256: "99a3a85b185ae012a8e3bd596cf0ca425834477d0bec86207548d6ff7c926254"
      url: "https://pub.dev"
    source: hosted
    version: "1.0.2"
  media_kit_native_event_loop:
    dependency: transitive
    description:
      name: media_kit_native_event_loop
      sha256: "521125e534603c3f603b93283db3938f557f33ecc383fbd62edd4beb3bf73747"
      url: "https://pub.dev"
    source: hosted
    version: "1.0.4"
  media_kit_video:
    dependency: transitive
    description:
      name: media_kit_video
      sha256: "89d3c2cdb0f74d1bb597a9c9a7678f656fe538d20620ad1317b7354fd5d1af15"
      url: "https://pub.dev"
    source: hosted
    version: "0.0.12"
  meedu:
    dependency: transitive
    description:
      name: meedu
      sha256: "2cac0971ea211b1a18e3c4f038369f8ac57401760342da16d9e4e9d043f7de38"
      url: "https://pub.dev"
    source: hosted
    version: "8.0.2"
  meta:
    dependency: transitive
    description:
      name: meta
      sha256: "6c268b42ed578a53088d834796959e4a1814b5e9e164f147f580a386e5decf42"
      url: "https://pub.dev"
    source: hosted
    version: "1.8.0"
  mime:
    dependency: transitive
    description:
      name: mime
      sha256: e4ff8e8564c03f255408decd16e7899da1733852a9110a58fe6d1b817684a63e
      url: "https://pub.dev"
    source: hosted
    version: "1.0.4"
  nm:
    dependency: transitive
    description:
      name: nm
      sha256: "2c9aae4127bdc8993206464fcc063611e0e36e72018696cd9631023a31b24254"
      url: "https://pub.dev"
    source: hosted
    version: "0.5.0"
  octo_image:
    dependency: transitive
    description:
      name: octo_image
      sha256: "107f3ed1330006a3bea63615e81cf637433f5135a52466c7caa0e7152bca9143"
      url: "https://pub.dev"
    source: hosted
    version: "1.0.2"
  package_config:
    dependency: transitive
    description:
      name: package_config
      sha256: "1c5b77ccc91e4823a5af61ee74e6b972db1ef98c2ff5a18d3161c982a55448bd"
      url: "https://pub.dev"
    source: hosted
    version: "2.1.0"
  path:
    dependency: transitive
    description:
      name: path
      sha256: db9d4f58c908a4ba5953fcee2ae317c94889433e5024c27ce74a37f94267945b
      url: "https://pub.dev"
    source: hosted
    version: "1.8.2"
  path_provider:
    dependency: "direct main"
    description:
      name: path_provider
      sha256: "3087813781ab814e4157b172f1a11c46be20179fcc9bea043e0fba36bc0acaa2"
      url: "https://pub.dev"
    source: hosted
    version: "2.0.15"
  path_provider_android:
    dependency: transitive
    description:
      name: path_provider_android
      sha256: "3e58242edc02624f2c712e3f8bea88e0e341c4ae1abd3a6ff661318a3aefd829"
      url: "https://pub.dev"
    source: hosted
    version: "2.0.26"
  path_provider_foundation:
    dependency: transitive
    description:
      name: path_provider_foundation
      sha256: ad4c4d011830462633f03eb34445a45345673dfd4faf1ab0b4735fbd93b19183
      url: "https://pub.dev"
    source: hosted
    version: "2.2.2"
  path_provider_linux:
    dependency: transitive
    description:
      name: path_provider_linux
      sha256: "2ae08f2216225427e64ad224a24354221c2c7907e448e6e0e8b57b1eb9f10ad1"
      url: "https://pub.dev"
    source: hosted
    version: "2.1.10"
  path_provider_platform_interface:
    dependency: transitive
    description:
      name: path_provider_platform_interface
      sha256: "57585299a729335f1298b43245842678cb9f43a6310351b18fb577d6e33165ec"
      url: "https://pub.dev"
    source: hosted
    version: "2.0.6"
  path_provider_windows:
    dependency: transitive
    description:
      name: path_provider_windows
      sha256: d3f80b32e83ec208ac95253e0cd4d298e104fbc63cb29c5c69edaed43b0c69d6
      url: "https://pub.dev"
    source: hosted
    version: "2.1.6"
  pedantic:
    dependency: transitive
    description:
      name: pedantic
      sha256: "67fc27ed9639506c856c840ccce7594d0bdcd91bc8d53d6e52359449a1d50602"
      url: "https://pub.dev"
    source: hosted
    version: "1.11.1"
  permission_handler:
    dependency: "direct main"
    description:
      name: permission_handler
      sha256: "33c6a1253d1f95fd06fa74b65b7ba907ae9811f9d5c1d3150e51417d04b8d6a8"
      url: "https://pub.dev"
    source: hosted
    version: "10.2.0"
  permission_handler_android:
    dependency: transitive
    description:
      name: permission_handler_android
      sha256: "8028362b40c4a45298f1cbfccd227c8dd6caf0e27088a69f2ba2ab15464159e2"
      url: "https://pub.dev"
    source: hosted
    version: "10.2.0"
  permission_handler_apple:
    dependency: transitive
    description:
      name: permission_handler_apple
      sha256: ee96ac32f5a8e6f80756e25b25b9f8e535816c8e6665a96b6d70681f8c4f7e85
      url: "https://pub.dev"
    source: hosted
    version: "9.0.8"
  permission_handler_platform_interface:
    dependency: transitive
    description:
      name: permission_handler_platform_interface
      sha256: "68abbc472002b5e6dfce47fe9898c6b7d8328d58b5d2524f75e277c07a97eb84"
      url: "https://pub.dev"
    source: hosted
    version: "3.9.0"
  permission_handler_windows:
    dependency: transitive
    description:
      name: permission_handler_windows
      sha256: f67cab14b4328574938ecea2db3475dad7af7ead6afab6338772c5f88963e38b
      url: "https://pub.dev"
    source: hosted
    version: "0.1.2"
  petitparser:
    dependency: transitive
    description:
      name: petitparser
      sha256: "49392a45ced973e8d94a85fdb21293fbb40ba805fc49f2965101ae748a3683b4"
      url: "https://pub.dev"
    source: hosted
    version: "5.1.0"
  platform:
    dependency: transitive
    description:
      name: platform
      sha256: "4a451831508d7d6ca779f7ac6e212b4023dd5a7d08a27a63da33756410e32b76"
      url: "https://pub.dev"
    source: hosted
    version: "3.1.0"
  plugin_platform_interface:
    dependency: transitive
    description:
      name: plugin_platform_interface
      sha256: "6a2128648c854906c53fa8e33986fc0247a1116122f9534dd20e3ab9e16a32bc"
      url: "https://pub.dev"
    source: hosted
    version: "2.1.4"
  pool:
    dependency: transitive
    description:
      name: pool
      sha256: "20fe868b6314b322ea036ba325e6fc0711a22948856475e2c2b6306e8ab39c2a"
      url: "https://pub.dev"
    source: hosted
    version: "1.5.1"
  process:
    dependency: transitive
    description:
      name: process
      sha256: "53fd8db9cec1d37b0574e12f07520d582019cb6c44abf5479a01505099a34a09"
      url: "https://pub.dev"
    source: hosted
    version: "4.2.4"
  pub_semver:
    dependency: transitive
    description:
      name: pub_semver
      sha256: "40d3ab1bbd474c4c2328c91e3a7df8c6dd629b79ece4c4bd04bee496a224fb0c"
      url: "https://pub.dev"
    source: hosted
    version: "2.1.4"
  pubspec_parse:
    dependency: transitive
    description:
      name: pubspec_parse
      sha256: c63b2876e58e194e4b0828fcb080ad0e06d051cb607a6be51a9e084f47cb9367
      url: "https://pub.dev"
    source: hosted
    version: "1.2.3"
  rxdart:
    dependency: transitive
    description:
      name: rxdart
      sha256: "0c7c0cedd93788d996e33041ffecda924cc54389199cde4e6a34b440f50044cb"
      url: "https://pub.dev"
    source: hosted
    version: "0.27.7"
  safe_local_storage:
    dependency: transitive
    description:
      name: safe_local_storage
      sha256: ede4eb6cb7d88a116b3d3bf1df70790b9e2038bc37cb19112e381217c74d9440
      url: "https://pub.dev"
    source: hosted
    version: "1.0.2"
  screen_brightness:
    dependency: transitive
    description:
      name: screen_brightness
      sha256: "62fd61a64e68b32b98b840bad7d8b6822bbc40e63c2b569a5f85528484c86b41"
      url: "https://pub.dev"
    source: hosted
    version: "0.2.2"
  screen_brightness_android:
    dependency: transitive
    description:
      name: screen_brightness_android
      sha256: "3df10961e3a9e968a5e076fe27e7f4741fa8a1d3950bdeb48cf121ed529d0caf"
      url: "https://pub.dev"
    source: hosted
    version: "0.1.0+2"
  screen_brightness_ios:
    dependency: transitive
    description:
      name: screen_brightness_ios
      sha256: "99adc3ca5490b8294284aad5fcc87f061ad685050e03cf45d3d018fe398fd9a2"
      url: "https://pub.dev"
    source: hosted
    version: "0.1.0"
  screen_brightness_macos:
    dependency: transitive
    description:
      name: screen_brightness_macos
      sha256: "64b34e7e3f4900d7687c8e8fb514246845a73ecec05ab53483ed025bd4a899fd"
      url: "https://pub.dev"
    source: hosted
    version: "0.1.0+1"
  screen_brightness_platform_interface:
    dependency: transitive
    description:
      name: screen_brightness_platform_interface
      sha256: b211d07f0c96637a15fb06f6168617e18030d5d74ad03795dd8547a52717c171
      url: "https://pub.dev"
    source: hosted
    version: "0.1.0"
  screen_brightness_windows:
    dependency: transitive
    description:
      name: screen_brightness_windows
      sha256: "80d90ecdc63fc0823f2ecb1be323471619287937e14210650d7b25ca181abd05"
      url: "https://pub.dev"
    source: hosted
    version: "0.1.1"
  screen_retriever:
    dependency: transitive
    description:
      name: screen_retriever
      sha256: "4931f226ca158123ccd765325e9fbf360bfed0af9b460a10f960f9bb13d58323"
      url: "https://pub.dev"
    source: hosted
    version: "0.1.6"
  share_plus:
    dependency: "direct main"
    description:
      name: share_plus
      sha256: b1f15232d41e9701ab2f04181f21610c36c83a12ae426b79b4bd011c567934b1
      url: "https://pub.dev"
    source: hosted
    version: "6.3.4"
  share_plus_platform_interface:
    dependency: transitive
    description:
      name: share_plus_platform_interface
      sha256: "0c6e61471bd71b04a138b8b588fa388e66d8b005e6f2deda63371c5c505a0981"
      url: "https://pub.dev"
    source: hosted
    version: "3.2.1"
  shared_preferences:
    dependency: transitive
    description:
      name: shared_preferences
      sha256: "16d3fb6b3692ad244a695c0183fca18cf81fd4b821664394a781de42386bf022"
      url: "https://pub.dev"
    source: hosted
    version: "2.1.1"
  shared_preferences_android:
    dependency: transitive
    description:
      name: shared_preferences_android
      sha256: "6478c6bbbecfe9aced34c483171e90d7c078f5883558b30ec3163cf18402c749"
      url: "https://pub.dev"
    source: hosted
    version: "2.1.4"
  shared_preferences_foundation:
    dependency: transitive
    description:
      name: shared_preferences_foundation
      sha256: e014107bb79d6d3297196f4f2d0db54b5d1f85b8ea8ff63b8e8b391a02700feb
      url: "https://pub.dev"
    source: hosted
    version: "2.2.2"
  shared_preferences_linux:
    dependency: transitive
    description:
      name: shared_preferences_linux
      sha256: "9d387433ca65717bbf1be88f4d5bb18f10508917a8fa2fb02e0fd0d7479a9afa"
      url: "https://pub.dev"
    source: hosted
    version: "2.2.0"
  shared_preferences_platform_interface:
    dependency: transitive
    description:
      name: shared_preferences_platform_interface
      sha256: fb5cf25c0235df2d0640ac1b1174f6466bd311f621574997ac59018a6664548d
      url: "https://pub.dev"
    source: hosted
    version: "2.2.0"
  shared_preferences_web:
    dependency: transitive
    description:
      name: shared_preferences_web
      sha256: "74083203a8eae241e0de4a0d597dbedab3b8fef5563f33cf3c12d7e93c655ca5"
      url: "https://pub.dev"
    source: hosted
    version: "2.1.0"
  shared_preferences_windows:
    dependency: transitive
    description:
      name: shared_preferences_windows
      sha256: "5e588e2efef56916a3b229c3bfe81e6a525665a454519ca51dbcc4236a274173"
      url: "https://pub.dev"
    source: hosted
    version: "2.2.0"
  shelf:
    dependency: transitive
    description:
      name: shelf
      sha256: ad29c505aee705f41a4d8963641f91ac4cee3c8fad5947e033390a7bd8180fa4
      url: "https://pub.dev"
    source: hosted
    version: "1.4.1"
  shelf_web_socket:
    dependency: transitive
    description:
      name: shelf_web_socket
      sha256: "9ca081be41c60190ebcb4766b2486a7d50261db7bd0f5d9615f2d653637a84c1"
      url: "https://pub.dev"
    source: hosted
    version: "1.0.4"
  sky_engine:
    dependency: transitive
    description: flutter
    source: sdk
    version: "0.0.99"
  source_gen:
    dependency: transitive
    description:
      name: source_gen
      sha256: b20e191de6964e98032573cecb1d2b169d96ba63fdb586d24dcd1003ba7e94f6
      url: "https://pub.dev"
    source: hosted
    version: "1.3.0"
  source_helper:
    dependency: transitive
    description:
      name: source_helper
      sha256: "3b67aade1d52416149c633ba1bb36df44d97c6b51830c2198e934e3fca87ca1f"
      url: "https://pub.dev"
    source: hosted
    version: "1.3.3"
  source_span:
    dependency: transitive
    description:
      name: source_span
      sha256: dd904f795d4b4f3b870833847c461801f6750a9fa8e61ea5ac53f9422b31f250
      url: "https://pub.dev"
    source: hosted
    version: "1.9.1"
  sqflite:
    dependency: transitive
    description:
      name: sqflite
      sha256: e7dfb6482d5d02b661d0b2399efa72b98909e5aa7b8336e1fb37e226264ade00
      url: "https://pub.dev"
    source: hosted
    version: "2.2.7"
  sqflite_common:
    dependency: transitive
    description:
      name: sqflite_common
      sha256: "220831bf0bd5333ff2445eee35ec131553b804e6b5d47a4a37ca6f5eb66e282c"
      url: "https://pub.dev"
    source: hosted
    version: "2.4.4"
  stack_trace:
    dependency: transitive
    description:
      name: stack_trace
      sha256: c3c7d8edb15bee7f0f74debd4b9c5f3c2ea86766fe4178eb2a18eb30a0bdaed5
      url: "https://pub.dev"
    source: hosted
    version: "1.11.0"
  stream_channel:
    dependency: transitive
    description:
      name: stream_channel
      sha256: "83615bee9045c1d322bbbd1ba209b7a749c2cbcdcb3fdd1df8eb488b3279c1c8"
      url: "https://pub.dev"
    source: hosted
    version: "2.1.1"
  stream_transform:
    dependency: transitive
    description:
      name: stream_transform
      sha256: "14a00e794c7c11aa145a170587321aedce29769c08d7f58b1d141da75e3b1c6f"
      url: "https://pub.dev"
    source: hosted
    version: "2.1.0"
  string_scanner:
    dependency: transitive
    description:
      name: string_scanner
      sha256: "556692adab6cfa87322a115640c11f13cb77b3f076ddcc5d6ae3c20242bedcde"
      url: "https://pub.dev"
    source: hosted
    version: "1.2.0"
  synchronized:
    dependency: transitive
    description:
      name: synchronized
      sha256: "5fcbd27688af6082f5abd611af56ee575342c30e87541d0245f7ff99faa02c60"
      url: "https://pub.dev"
    source: hosted
    version: "3.1.0"
  term_glyph:
    dependency: transitive
    description:
      name: term_glyph
      sha256: a29248a84fbb7c79282b40b8c72a1209db169a2e0542bce341da992fe1bc7e84
      url: "https://pub.dev"
    source: hosted
    version: "1.2.1"
  test_api:
    dependency: transitive
    description:
      name: test_api
      sha256: ad540f65f92caa91bf21dfc8ffb8c589d6e4dc0c2267818b4cc2792857706206
      url: "https://pub.dev"
    source: hosted
    version: "0.4.16"
  timing:
    dependency: transitive
    description:
      name: timing
      sha256: "70a3b636575d4163c477e6de42f247a23b315ae20e86442bebe32d3cabf61c32"
      url: "https://pub.dev"
    source: hosted
    version: "1.0.1"
  typed_data:
    dependency: transitive
    description:
      name: typed_data
      sha256: "26f87ade979c47a150c9eaab93ccd2bebe70a27dc0b4b29517f2904f04eb11a5"
      url: "https://pub.dev"
    source: hosted
    version: "1.3.1"
  universal_platform:
    dependency: transitive
    description:
      name: universal_platform
      sha256: d315be0f6641898b280ffa34e2ddb14f3d12b1a37882557869646e0cc363d0cc
      url: "https://pub.dev"
    source: hosted
    version: "1.0.0+1"
  uri_parser:
    dependency: transitive
    description:
      name: uri_parser
      sha256: "6543c9fd86d2862fac55d800a43e67c0dcd1a41677cb69c2f8edfe73bbcf1835"
      url: "https://pub.dev"
    source: hosted
    version: "2.0.2"
  url_launcher:
    dependency: "direct main"
    description:
      name: url_launcher
      sha256: "75f2846facd11168d007529d6cd8fcb2b750186bea046af9711f10b907e1587e"
      url: "https://pub.dev"
    source: hosted
    version: "6.1.10"
  url_launcher_android:
    dependency: transitive
    description:
      name: url_launcher_android
      sha256: "22f8db4a72be26e9e3a4aa3f194b1f7afbc76d20ec141f84be1d787db2155cbd"
      url: "https://pub.dev"
    source: hosted
    version: "6.0.31"
  url_launcher_ios:
    dependency: transitive
    description:
      name: url_launcher_ios
      sha256: "9af7ea73259886b92199f9e42c116072f05ff9bea2dcb339ab935dfc957392c2"
      url: "https://pub.dev"
    source: hosted
    version: "6.1.4"
  url_launcher_linux:
    dependency: transitive
    description:
      name: url_launcher_linux
      sha256: "207f4ddda99b95b4d4868320a352d374b0b7e05eefad95a4a26f57da413443f5"
      url: "https://pub.dev"
    source: hosted
    version: "3.0.5"
  url_launcher_macos:
    dependency: transitive
    description:
      name: url_launcher_macos
      sha256: "91ee3e75ea9dadf38036200c5d3743518f4a5eb77a8d13fda1ee5764373f185e"
      url: "https://pub.dev"
    source: hosted
    version: "3.0.5"
  url_launcher_platform_interface:
    dependency: transitive
    description:
      name: url_launcher_platform_interface
      sha256: "6c9ca697a5ae218ce56cece69d46128169a58aa8653c1b01d26fcd4aad8c4370"
      url: "https://pub.dev"
    source: hosted
    version: "2.1.2"
  url_launcher_web:
    dependency: transitive
    description:
      name: url_launcher_web
      sha256: "81fe91b6c4f84f222d186a9d23c73157dc4c8e1c71489c4d08be1ad3b228f1aa"
      url: "https://pub.dev"
    source: hosted
    version: "2.0.16"
  url_launcher_windows:
    dependency: transitive
    description:
      name: url_launcher_windows
      sha256: "254708f17f7c20a9c8c471f67d86d76d4a3f9c1591aad1e15292008aceb82771"
      url: "https://pub.dev"
    source: hosted
    version: "3.0.6"
  uuid:
    dependency: transitive
    description:
      name: uuid
      sha256: "648e103079f7c64a36dc7d39369cabb358d377078a051d6ae2ad3aa539519313"
      url: "https://pub.dev"
    source: hosted
    version: "3.0.7"
  vector_math:
    dependency: transitive
    description:
      name: vector_math
      sha256: "80b3257d1492ce4d091729e3a67a60407d227c27241d6927be0130c98e741803"
      url: "https://pub.dev"
    source: hosted
    version: "2.1.4"
  visibility_detector:
    dependency: transitive
    description:
      name: visibility_detector
      sha256: "15c54a459ec2c17b4705450483f3d5a2858e733aee893dcee9d75fd04814940d"
      url: "https://pub.dev"
    source: hosted
    version: "0.3.3"
  volume_controller:
    dependency: transitive
    description:
      name: volume_controller
      sha256: "189bdc7a554f476b412e4c8b2f474562b09d74bc458c23667356bce3ca1d48c9"
      url: "https://pub.dev"
    source: hosted
    version: "2.0.7"
  wakelock:
    dependency: transitive
    description:
      name: wakelock
      sha256: "769ecf42eb2d07128407b50cb93d7c10bd2ee48f0276ef0119db1d25cc2f87db"
      url: "https://pub.dev"
    source: hosted
    version: "0.6.2"
  wakelock_macos:
    dependency: transitive
    description:
      name: wakelock_macos
      sha256: "047c6be2f88cb6b76d02553bca5a3a3b95323b15d30867eca53a19a0a319d4cd"
      url: "https://pub.dev"
    source: hosted
    version: "0.4.0"
  wakelock_platform_interface:
    dependency: transitive
    description:
      name: wakelock_platform_interface
      sha256: "1f4aeb81fb592b863da83d2d0f7b8196067451e4df91046c26b54a403f9de621"
      url: "https://pub.dev"
    source: hosted
    version: "0.3.0"
  wakelock_web:
    dependency: transitive
    description:
      name: wakelock_web
      sha256: "1b256b811ee3f0834888efddfe03da8d18d0819317f20f6193e2922b41a501b5"
      url: "https://pub.dev"
    source: hosted
    version: "0.4.0"
  wakelock_windows:
    dependency: transitive
    description:
      name: wakelock_windows
      sha256: "857f77b3fe6ae82dd045455baa626bc4b93cb9bb6c86bf3f27c182167c3a5567"
      url: "https://pub.dev"
    source: hosted
    version: "0.2.1"
  watcher:
    dependency: transitive
    description:
      name: watcher
      sha256: "6a7f46926b01ce81bfc339da6a7f20afbe7733eff9846f6d6a5466aa4c6667c0"
      url: "https://pub.dev"
    source: hosted
    version: "1.0.2"
  web_socket_channel:
    dependency: transitive
    description:
      name: web_socket_channel
      sha256: d88238e5eac9a42bb43ca4e721edba3c08c6354d4a53063afaa568516217621b
      url: "https://pub.dev"
    source: hosted
    version: "2.4.0"
  webview_cookie_manager:
    dependency: "direct main"
    description:
      name: webview_cookie_manager
      sha256: "425a9feac5cd2cb62a71da3dda5ac2eaf9ece5481ee8d79f3868dc5ba8223ad3"
      url: "https://pub.dev"
    source: hosted
    version: "2.0.6"
  webview_flutter:
    dependency: "direct main"
    description:
      name: webview_flutter
      sha256: "1a37bdbaaf5fbe09ad8579ab09ecfd473284ce482f900b5aea27cf834386a567"
      url: "https://pub.dev"
    source: hosted
    version: "4.2.0"
  webview_flutter_android:
    dependency: transitive
    description:
      name: webview_flutter_android
      sha256: "1acea8def62592123e2fbbca164ed8681a98a890bdcbb88f916d5b4a22687759"
      url: "https://pub.dev"
    source: hosted
    version: "3.7.0"
  webview_flutter_platform_interface:
    dependency: transitive
    description:
      name: webview_flutter_platform_interface
      sha256: "78715dc442b7849dbde74e92bb67de1cecf5addf95531c5fb474e72f5fe9a507"
      url: "https://pub.dev"
    source: hosted
    version: "2.3.0"
  webview_flutter_wkwebview:
    dependency: transitive
    description:
      name: webview_flutter_wkwebview
      sha256: "61f33512810bf1ee9ac89761a4b02663ff64e8227b7dc80654642acd660fd49d"
      url: "https://pub.dev"
    source: hosted
    version: "3.4.2"
  win32:
    dependency: transitive
    description:
      name: win32
      sha256: a6f0236dbda0f63aa9a25ad1ff9a9d8a4eaaa5012da0dc59d21afdb1dc361ca4
      url: "https://pub.dev"
    source: hosted
    version: "3.1.4"
  window_manager:
    dependency: transitive
    description:
      name: window_manager
      sha256: "95096fede562cbb65f30d38b62d819a458f59ba9fe4a317f6cee669710f6676b"
      url: "https://pub.dev"
    source: hosted
    version: "0.3.4"
  xdg_directories:
    dependency: transitive
    description:
      name: xdg_directories
      sha256: ee1505df1426458f7f60aac270645098d318a8b4766d85fde75f76f2e21807d1
      url: "https://pub.dev"
    source: hosted
    version: "1.0.0"
  xml:
    dependency: transitive
    description:
      name: xml
      sha256: "979ee37d622dec6365e2efa4d906c37470995871fe9ae080d967e192d88286b5"
      url: "https://pub.dev"
    source: hosted
    version: "6.2.2"
  yaml:
    dependency: transitive
    description:
      name: yaml
      sha256: "75769501ea3489fca56601ff33454fe45507ea3bfb014161abc3b43ae25989d5"
      url: "https://pub.dev"
    source: hosted
    version: "3.1.2"
sdks:
  dart: ">=2.19.6 <3.0.0"
  flutter: ">=3.7.0"
